
Microsoft Visual Studio Solution File, Format Version 12.00
# Visual Studio Version 16
VisualStudioVersion = 16.0.32510.428
MinimumVisualStudioVersion = 10.0.40219.1
Project("{FAE04EC0-301F-11D3-BF4B-00C04F79EFBC}") = "FoodDonationManagementSystem", "FoodDonationManagementSystem\FoodDonationManagementSystem.csproj", "{285954D5-8DA3-4228-B9A4-4D4148116055}"
EndProject
Global
	GlobalSection(SolutionConfigurationPlatforms) = preSolution
		Debug|Any CPU = Debug|Any CPU
		Release|Any CPU = Release|Any CPU
	EndGlobalSection
	GlobalSection(ProjectConfigurationPlatforms) = postSolution
		{285954D5-8DA3-4228-B9A4-4D4148116055}.Debug|Any CPU.ActiveCfg = Debug|Any CPU
		{285954D5-8DA3-4228-B9A4-4D4148116055}.Debug|Any CPU.Build.0 = Debug|Any CPU
		{285954D5-8DA3-4228-B9A4-4D4148116055}.Release|Any CPU.ActiveCfg = Release|Any CPU
		{285954D5-8DA3-4228-B9A4-4D4148116055}.Release|Any CPU.Build.0 = Release|Any CPU
	EndGlobalSection
	GlobalSection(SolutionProperties) = preSolution
		HideSolutionNode = FALSE
	EndGlobalSection
	GlobalSection(ExtensibilityGlobals) = postSolution
		SolutionGuid = {BBEE3E0F-7AEF-4213-9067-1D64D43BCAAD}
	EndGlobalSection
EndGlobal
